{
  "name": "Experiment-",
  "lockfileVersion": 3,
  "requires": true,
  "packages": {
    "": {
      "dependencies": {
        "@bytescale/sdk": "^3.45.0",
        "file-picker": "^0.1.8",
        "touch": "^3.1.1"
      }
    },
    "node_modules/@bytescale/sdk": {
      "version": "3.45.0",
      "resolved": "https://registry.npmjs.org/@bytescale/sdk/-/sdk-3.45.0.tgz",
      "integrity": "sha512-jEF20KNGG+bvj5geKGQytF2AZEM9W73JXfSd9gjGGQUBp9EE5HeHskQtjeNkHsr/WLeiLYCa8Q59qChhMAo2GA==",
      "license": "MIT"
    },
    "node_modules/file-picker": {
      "version": "0.1.8",
      "resolved": "https://registry.npmjs.org/file-picker/-/file-picker-0.1.8.tgz",
      "integrity": "sha512-DHDAxZFvxY3QJvkJP9F3Q61lLrAhBSph8D98x9VSoHiW1vA2JNs7AwPKQOBJF4hNtYxoja0TDEtPXmW5lRy+YA==",
      "deprecated": "Use glob instead",
      "engines": [
        "node >= 0.8"
      ],
      "license": "MIT",
      "dependencies": {
        "unorm": ">=1.0.0"
      }
    },
    "node_modules/touch": {
      "version": "3.1.1",
      "resolved": "https://registry.npmjs.org/touch/-/touch-3.1.1.tgz",
      "integrity": "sha512-r0eojU4bI8MnHr8c5bNo7lJDdI2qXlWWJk6a9EAFG7vbhTjElYhBVS3/miuE0uOuoLdb8Mc/rVfsmm6eo5o9GA==",
      "license": "ISC",
      "bin": {
        "nodetouch": "bin/nodetouch.js"
      }
    },
    "node_modules/unorm": {
      "version": "1.6.0",
      "resolved": "https://registry.npmjs.org/unorm/-/unorm-1.6.0.tgz",
      "integrity": "sha512-b2/KCUlYZUeA7JFUuRJZPUtr4gZvBh7tavtv4fvk4+KV9pfGiR6CQAQAWl49ZpR3ts2dk4FYkP7EIgDJoiOLDA==",
      "license": "MIT or GPL-2.0",
      "engines": {
        "node": ">= 0.4.0"
      }
    }
  }
}
